{
  "name": "ttmik-monorepo",
  "version": "1.0.0",
  "lockfileVersion": 3,
  "requires": true,
  "packages": {
    "": {
      "name": "ttmik-monorepo",
      "version": "1.0.0",
      "license": "MIT",
      "workspaces": [
        "packages/*"
      ]
    },
    "node_modules/ttmik-heal-skills": {
      "resolved": "packages/ttmik-heal-skills",
      "link": true
    },
    "node_modules/ttmik-webhook": {
      "resolved": "packages/ttmik-webhook",
      "link": true
    },
    "packages/ttmik-heal-skills": {
      "version": "1.0.0",
      "license": "MIT",
      "bin": {
        "ttmik-heal-skills": "bin/cli.js"
      },
      "engines": {
        "node": ">=18"
      }
    },
    "packages/ttmik-webhook": {
      "version": "1.0.0",
      "license": "MIT",
      "engines": {
        "node": ">=18"
      }
    }
  }
}
